// !$*UTF8*$!
{
	archiveVersion = 1;
	classes = {
	};
	objectVersion = 50;
	objects = {

/* Begin PBXBuildFile section */
		942C51D821C0B3F400AADA9A /* Date+Extension.swift in Sources */ = {isa = PBXBuildFile; fileRef = 942C51D721C0B3F400AADA9A /* Date+Extension.swift */; };
		9460F76E232F41210054A3C8 /* UIDevice+Extension.swift in Sources */ = {isa = PBXBuildFile; fileRef = 9460F76D232F41210054A3C8 /* UIDevice+Extension.swift */; };
		947ADE6C21BE6E0D001B2CFC /* AppDelegate.swift in Sources */ = {isa = PBXBuildFile; fileRef = 947ADE6B21BE6E0D001B2CFC /* AppDelegate.swift */; };
		947ADE6E21BE6E0D001B2CFC /* ViewController.swift in Sources */ = {isa = PBXBuildFile; fileRef = 947ADE6D21BE6E0D001B2CFC /* ViewController.swift */; };
		947ADE7121BE6E0D001B2CFC /* Main.storyboard in Resources */ = {isa = PBXBuildFile; fileRef = 947ADE6F21BE6E0D001B2CFC /* Main.storyboard */; };
		947ADE7321BE6E0F001B2CFC /* Assets.xcassets in Resources */ = {isa = PBXBuildFile; fileRef = 947ADE7221BE6E0F001B2CFC /* Assets.xcassets */; };
		947ADE7621BE6E0F001B2CFC /* LaunchScreen.storyboard in Resources */ = {isa = PBXBuildFile; fileRef = 947ADE7421BE6E0F001B2CFC /* LaunchScreen.storyboard */; };
		947ADE8621BE6F8D001B2CFC /* UIButton+Extension.swift in Sources */ = {isa = PBXBuildFile; fileRef = 947ADE7E21BE6F8C001B2CFC /* UIButton+Extension.swift */; };
		947ADE8721BE6F8D001B2CFC /* UIView+Extension.swift in Sources */ = {isa = PBXBuildFile; fileRef = 947ADE7F21BE6F8C001B2CFC /* UIView+Extension.swift */; };
		947ADE8821BE6F8D001B2CFC /* UIImage+Extension.swift in Sources */ = {isa = PBXBuildFile; fileRef = 947ADE8021BE6F8C001B2CFC /* UIImage+Extension.swift */; };
		947ADE8921BE6F8D001B2CFC /* UIViewController+Extension.swift in Sources */ = {isa = PBXBuildFile; fileRef = 947ADE8121BE6F8C001B2CFC /* UIViewController+Extension.swift */; };
		947ADE8A21BE6F8D001B2CFC /* NSObject+Extension.swift in Sources */ = {isa = PBXBuildFile; fileRef = 947ADE8221BE6F8C001B2CFC /* NSObject+Extension.swift */; };
		947ADE8B21BE6F8D001B2CFC /* UIAlertController+Extension.swift in Sources */ = {isa = PBXBuildFile; fileRef = 947ADE8321BE6F8C001B2CFC /* UIAlertController+Extension.swift */; };
		947ADE8C21BE6F8D001B2CFC /* UITableView+Extension.swift in Sources */ = {isa = PBXBuildFile; fileRef = 947ADE8421BE6F8D001B2CFC /* UITableView+Extension.swift */; };
		947ADE8D21BE6F8D001B2CFC /* UITextField+Extension.swift in Sources */ = {isa = PBXBuildFile; fileRef = 947ADE8521BE6F8D001B2CFC /* UITextField+Extension.swift */; };
		947F120621BF88BB00266C92 /* UIColor+Extension.swift in Sources */ = {isa = PBXBuildFile; fileRef = 947F120521BF88BB00266C92 /* UIColor+Extension.swift */; };
		947F120821BF8D7600266C92 /* String+Extension.swift in Sources */ = {isa = PBXBuildFile; fileRef = 947F120721BF8D7600266C92 /* String+Extension.swift */; };
		947F120A21BF93DA00266C92 /* Data+Extension.swift in Sources */ = {isa = PBXBuildFile; fileRef = 947F120921BF93DA00266C92 /* Data+Extension.swift */; };
		948E2356233CC02700033D37 /* UIScrollView+Extension.swift in Sources */ = {isa = PBXBuildFile; fileRef = 948E2355233CC02700033D37 /* UIScrollView+Extension.swift */; };
		94F3F90C233316180053B8F1 /* UILabel+Extension.swift in Sources */ = {isa = PBXBuildFile; fileRef = 94F3F90B233316180053B8F1 /* UILabel+Extension.swift */; };
		94F3F90E2333166D0053B8F1 /* UICollectionView+Extension.swift in Sources */ = {isa = PBXBuildFile; fileRef = 94F3F90D2333166D0053B8F1 /* UICollectionView+Extension.swift */; };
		94F3F91023331B660053B8F1 /* Array+Extension.swift in Sources */ = {isa = PBXBuildFile; fileRef = 94F3F90F23331B660053B8F1 /* Array+Extension.swift */; };
		94F3F91223331BEA0053B8F1 /* UIWebView+Extension.swift in Sources */ = {isa = PBXBuildFile; fileRef = 94F3F91123331BEA0053B8F1 /* UIWebView+Extension.swift */; };
		94F3F91423331C4B0053B8F1 /* WKWebview+Extension.swift in Sources */ = {isa = PBXBuildFile; fileRef = 94F3F91323331C4B0053B8F1 /* WKWebview+Extension.swift */; };
/* End PBXBuildFile section */

/* Begin PBXFileReference section */
		942C51D721C0B3F400AADA9A /* Date+Extension.swift */ = {isa = PBXFileReference; lastKnownFileType = sourcecode.swift; path = "Date+Extension.swift"; sourceTree = "<group>"; };
		9460F76D232F41210054A3C8 /* UIDevice+Extension.swift */ = {isa = PBXFileReference; fileEncoding = 4; lastKnownFileType = sourcecode.swift; path = "UIDevice+Extension.swift"; sourceTree = "<group>"; };
		947ADE6821BE6E0D001B2CFC /* Extension.app */ = {isa = PBXFileReference; explicitFileType = wrapper.application; includeInIndex = 0; path = Extension.app; sourceTree = BUILT_PRODUCTS_DIR; };
		947ADE6B21BE6E0D001B2CFC /* AppDelegate.swift */ = {isa = PBXFileReference; lastKnownFileType = sourcecode.swift; path = AppDelegate.swift; sourceTree = "<group>"; };
		947ADE6D21BE6E0D001B2CFC /* ViewController.swift */ = {isa = PBXFileReference; lastKnownFileType = sourcecode.swift; path = ViewController.swift; sourceTree = "<group>"; };
		947ADE7021BE6E0D001B2CFC /* Base */ = {isa = PBXFileReference; lastKnownFileType = file.storyboard; name = Base; path = Base.lproj/Main.storyboard; sourceTree = "<group>"; };
		947ADE7221BE6E0F001B2CFC /* Assets.xcassets */ = {isa = PBXFileReference; lastKnownFileType = folder.assetcatalog; path = Assets.xcassets; sourceTree = "<group>"; };
		947ADE7521BE6E0F001B2CFC /* Base */ = {isa = PBXFileReference; lastKnownFileType = file.storyboard; name = Base; path = Base.lproj/LaunchScreen.storyboard; sourceTree = "<group>"; };
		947ADE7721BE6E0F001B2CFC /* Info.plist */ = {isa = PBXFileReference; lastKnownFileType = text.plist.xml; path = Info.plist; sourceTree = "<group>"; };
		947ADE7E21BE6F8C001B2CFC /* UIButton+Extension.swift */ = {isa = PBXFileReference; fileEncoding = 4; lastKnownFileType = sourcecode.swift; path = "UIButton+Extension.swift"; sourceTree = "<group>"; };
		947ADE7F21BE6F8C001B2CFC /* UIView+Extension.swift */ = {isa = PBXFileReference; fileEncoding = 4; lastKnownFileType = sourcecode.swift; path = "UIView+Extension.swift"; sourceTree = "<group>"; };
		947ADE8021BE6F8C001B2CFC /* UIImage+Extension.swift */ = {isa = PBXFileReference; fileEncoding = 4; lastKnownFileType = sourcecode.swift; path = "UIImage+Extension.swift"; sourceTree = "<group>"; };
		947ADE8121BE6F8C001B2CFC /* UIViewController+Extension.swift */ = {isa = PBXFileReference; fileEncoding = 4; lastKnownFileType = sourcecode.swift; path = "UIViewController+Extension.swift"; sourceTree = "<group>"; };
		947ADE8221BE6F8C001B2CFC /* NSObject+Extension.swift */ = {isa = PBXFileReference; fileEncoding = 4; lastKnownFileType = sourcecode.swift; path = "NSObject+Extension.swift"; sourceTree = "<group>"; };
		947ADE8321BE6F8C001B2CFC /* UIAlertController+Extension.swift */ = {isa = PBXFileReference; fileEncoding = 4; lastKnownFileType = sourcecode.swift; path = "UIAlertController+Extension.swift"; sourceTree = "<group>"; };
		947ADE8421BE6F8D001B2CFC /* UITableView+Extension.swift */ = {isa = PBXFileReference; fileEncoding = 4; lastKnownFileType = sourcecode.swift; path = "UITableView+Extension.swift"; sourceTree = "<group>"; };
		947ADE8521BE6F8D001B2CFC /* UITextField+Extension.swift */ = {isa = PBXFileReference; fileEncoding = 4; lastKnownFileType = sourcecode.swift; path = "UITextField+Extension.swift"; sourceTree = "<group>"; };
		947F120521BF88BB00266C92 /* UIColor+Extension.swift */ = {isa = PBXFileReference; lastKnownFileType = sourcecode.swift; path = "UIColor+Extension.swift"; sourceTree = "<group>"; };
		947F120721BF8D7600266C92 /* String+Extension.swift */ = {isa = PBXFileReference; lastKnownFileType = sourcecode.swift; path = "String+Extension.swift"; sourceTree = "<group>"; };
		947F120921BF93DA00266C92 /* Data+Extension.swift */ = {isa = PBXFileReference; lastKnownFileType = sourcecode.swift; path = "Data+Extension.swift"; sourceTree = "<group>"; };
		948E2355233CC02700033D37 /* UIScrollView+Extension.swift */ = {isa = PBXFileReference; lastKnownFileType = sourcecode.swift; path = "UIScrollView+Extension.swift"; sourceTree = "<group>"; };
		94F3F90B233316180053B8F1 /* UILabel+Extension.swift */ = {isa = PBXFileReference; fileEncoding = 4; lastKnownFileType = sourcecode.swift; path = "UILabel+Extension.swift"; sourceTree = "<group>"; };
		94F3F90D2333166D0053B8F1 /* UICollectionView+Extension.swift */ = {isa = PBXFileReference; fileEncoding = 4; lastKnownFileType = sourcecode.swift; path = "UICollectionView+Extension.swift"; sourceTree = "<group>"; };
		94F3F90F23331B660053B8F1 /* Array+Extension.swift */ = {isa = PBXFileReference; lastKnownFileType = sourcecode.swift; path = "Array+Extension.swift"; sourceTree = "<group>"; };
		94F3F91123331BEA0053B8F1 /* UIWebView+Extension.swift */ = {isa = PBXFileReference; fileEncoding = 4; lastKnownFileType = sourcecode.swift; path = "UIWebView+Extension.swift"; sourceTree = "<group>"; };
		94F3F91323331C4B0053B8F1 /* WKWebview+Extension.swift */ = {isa = PBXFileReference; fileEncoding = 4; lastKnownFileType = sourcecode.swift; path = "WKWebview+Extension.swift"; sourceTree = "<group>"; };
/* End PBXFileReference section */

/* Begin PBXFrameworksBuildPhase section */
		947ADE6521BE6E0D001B2CFC /* Frameworks */ = {
			isa = PBXFrameworksBuildPhase;
			buildActionMask = 2147483647;
			files = (
			);
			runOnlyForDeploymentPostprocessing = 0;
		};
/* End PBXFrameworksBuildPhase section */

/* Begin PBXGroup section */
		947ADE5F21BE6E0D001B2CFC = {
			isa = PBXGroup;
			children = (
				947ADE6A21BE6E0D001B2CFC /* Extension */,
				947ADE6921BE6E0D001B2CFC /* Products */,
			);
			sourceTree = "<group>";
		};
		947ADE6921BE6E0D001B2CFC /* Products */ = {
			isa = PBXGroup;
			children = (
				947ADE6821BE6E0D001B2CFC /* Extension.app */,
			);
			name = Products;
			sourceTree = "<group>";
		};
		947ADE6A21BE6E0D001B2CFC /* Extension */ = {
			isa = PBXGroup;
			children = (
				947ADE7D21BE6F30001B2CFC /* Class */,
				947ADE6B21BE6E0D001B2CFC /* AppDelegate.swift */,
				947ADE6D21BE6E0D001B2CFC /* ViewController.swift */,
				947ADE6F21BE6E0D001B2CFC /* Main.storyboard */,
				947ADE7221BE6E0F001B2CFC /* Assets.xcassets */,
				947ADE7421BE6E0F001B2CFC /* LaunchScreen.storyboard */,
				947ADE7721BE6E0F001B2CFC /* Info.plist */,
			);
			path = Extension;
			sourceTree = "<group>";
		};
		947ADE7D21BE6F30001B2CFC /* Class */ = {
			isa = PBXGroup;
			children = (
				947ADE8221BE6F8C001B2CFC /* NSObject+Extension.swift */,
				947ADE8321BE6F8C001B2CFC /* UIAlertController+Extension.swift */,
				947ADE7E21BE6F8C001B2CFC /* UIButton+Extension.swift */,
				947ADE8021BE6F8C001B2CFC /* UIImage+Extension.swift */,
				947ADE8421BE6F8D001B2CFC /* UITableView+Extension.swift */,
				947ADE8521BE6F8D001B2CFC /* UITextField+Extension.swift */,
				947ADE7F21BE6F8C001B2CFC /* UIView+Extension.swift */,
				947F120521BF88BB00266C92 /* UIColor+Extension.swift */,
				9460F76D232F41210054A3C8 /* UIDevice+Extension.swift */,
				947ADE8121BE6F8C001B2CFC /* UIViewController+Extension.swift */,
				947F120721BF8D7600266C92 /* String+Extension.swift */,
				947F120921BF93DA00266C92 /* Data+Extension.swift */,
				942C51D721C0B3F400AADA9A /* Date+Extension.swift */,
				94F3F90B233316180053B8F1 /* UILabel+Extension.swift */,
				94F3F90D2333166D0053B8F1 /* UICollectionView+Extension.swift */,
				94F3F90F23331B660053B8F1 /* Array+Extension.swift */,
				94F3F91123331BEA0053B8F1 /* UIWebView+Extension.swift */,
				94F3F91323331C4B0053B8F1 /* WKWebview+Extension.swift */,
				948E2355233CC02700033D37 /* UIScrollView+Extension.swift */,
			);
			path = Class;
			sourceTree = "<group>";
		};
/* End PBXGroup section */

/* Begin PBXNativeTarget section */
		947ADE6721BE6E0D001B2CFC /* Extension */ = {
			isa = PBXNativeTarget;
			buildConfigurationList = 947ADE7A21BE6E0F001B2CFC /* Build configuration list for PBXNativeTarget "Extension" */;
			buildPhases = (
				947ADE6421BE6E0D001B2CFC /* Sources */,
				947ADE6521BE6E0D001B2CFC /* Frameworks */,
				947ADE6621BE6E0D001B2CFC /* Resources */,
			);
			buildRules = (
			);
			dependencies = (
			);
			name = Extension;
			productName = Extension;
			productReference = 947ADE6821BE6E0D001B2CFC /* Extension.app */;
			productType = "com.apple.product-type.application";
		};
/* End PBXNativeTarget section */

/* Begin PBXProject section */
		947ADE6021BE6E0D001B2CFC /* Project object */ = {
			isa = PBXProject;
			attributes = {
				LastSwiftUpdateCheck = 1010;
				LastUpgradeCheck = 1010;
				ORGANIZATIONNAME = Ryan;
				TargetAttributes = {
					947ADE6721BE6E0D001B2CFC = {
						CreatedOnToolsVersion = 10.1;
					};
				};
			};
			buildConfigurationList = 947ADE6321BE6E0D001B2CFC /* Build configuration list for PBXProject "Extension" */;
			compatibilityVersion = "Xcode 9.3";
			developmentRegion = en;
			hasScannedForEncodings = 0;
			knownRegions = (
				en,
				Base,
			);
			mainGroup = 947ADE5F21BE6E0D001B2CFC;
			productRefGroup = 947ADE6921BE6E0D001B2CFC /* Products */;
			projectDirPath = "";
			projectRoot = "";
			targets = (
				947ADE6721BE6E0D001B2CFC /* Extension */,
			);
		};
/* End PBXProject section */

/* Begin PBXResourcesBuildPhase section */
		947ADE6621BE6E0D001B2CFC /* Resources */ = {
			isa = PBXResourcesBuildPhase;
			buildActionMask = 2147483647;
			files = (
				947ADE7621BE6E0F001B2CFC /* LaunchScreen.storyboard in Resources */,
				947ADE7321BE6E0F001B2CFC /* Assets.xcassets in Resources */,
				947ADE7121BE6E0D001B2CFC /* Main.storyboard in Resources */,
			);
			runOnlyForDeploymentPostprocessing = 0;
		};
/* End PBXResourcesBuildPhase section */

/* Begin PBXSourcesBuildPhase section */
		947ADE6421BE6E0D001B2CFC /* Sources */ = {
			isa = PBXSourcesBuildPhase;
			buildActionMask = 2147483647;
			files = (
				947F120A21BF93DA00266C92 /* Data+Extension.swift in Sources */,
				947ADE8921BE6F8D001B2CFC /* UIViewController+Extension.swift in Sources */,
				947ADE6E21BE6E0D001B2CFC /* ViewController.swift in Sources */,
				94F3F91423331C4B0053B8F1 /* WKWebview+Extension.swift in Sources */,
				94F3F91023331B660053B8F1 /* Array+Extension.swift in Sources */,
				947ADE8C21BE6F8D001B2CFC /* UITableView+Extension.swift in Sources */,
				947F120621BF88BB00266C92 /* UIColor+Extension.swift in Sources */,
				948E2356233CC02700033D37 /* UIScrollView+Extension.swift in Sources */,
				947F120821BF8D7600266C92 /* String+Extension.swift in Sources */,
				947ADE8B21BE6F8D001B2CFC /* UIAlertController+Extension.swift in Sources */,
				947ADE6C21BE6E0D001B2CFC /* AppDelegate.swift in Sources */,
				94F3F90C233316180053B8F1 /* UILabel+Extension.swift in Sources */,
				947ADE8D21BE6F8D001B2CFC /* UITextField+Extension.swift in Sources */,
				947ADE8821BE6F8D001B2CFC /* UIImage+Extension.swift in Sources */,
				947ADE8721BE6F8D001B2CFC /* UIView+Extension.swift in Sources */,
				942C51D821C0B3F400AADA9A /* Date+Extension.swift in Sources */,
				947ADE8621BE6F8D001B2CFC /* UIButton+Extension.swift in Sources */,
				9460F76E232F41210054A3C8 /* UIDevice+Extension.swift in Sources */,
				947ADE8A21BE6F8D001B2CFC /* NSObject+Extension.swift in Sources */,
				94F3F90E2333166D0053B8F1 /* UICollectionView+Extension.swift in Sources */,
				94F3F91223331BEA0053B8F1 /* UIWebView+Extension.swift in Sources */,
			);
			runOnlyForDeploymentPostprocessing = 0;
		};
/* End PBXSourcesBuildPhase section */

/* Begin PBXVariantGroup section */
		947ADE6F21BE6E0D001B2CFC /* Main.storyboard */ = {
			isa = PBXVariantGroup;
			children = (
				947ADE7021BE6E0D001B2CFC /* Base */,
			);
			name = Main.storyboard;
			sourceTree = "<group>";
		};
		947ADE7421BE6E0F001B2CFC /* LaunchScreen.storyboard */ = {
			isa = PBXVariantGroup;
			children = (
				947ADE7521BE6E0F001B2CFC /* Base */,
			);
			name = LaunchScreen.storyboard;
			sourceTree = "<group>";
		};
/* End PBXVariantGroup section */

/* Begin XCBuildConfiguration section */
		947ADE7821BE6E0F001B2CFC /* Debug */ = {
			isa = XCBuildConfiguration;
			buildSettings = {
				ALWAYS_SEARCH_USER_PATHS = NO;
				CLANG_ANALYZER_NONNULL = YES;
				CLANG_ANALYZER_NUMBER_OBJECT_CONVERSION = YES_AGGRESSIVE;
				CLANG_CXX_LANGUAGE_STANDARD = "gnu++14";
				CLANG_CXX_LIBRARY = "libc++";
				CLANG_ENABLE_MODULES = YES;
				CLANG_ENABLE_OBJC_ARC = YES;
				CLANG_ENABLE_OBJC_WEAK = YES;
				CLANG_WARN_BLOCK_CAPTURE_AUTORELEASING = YES;
				CLANG_WARN_BOOL_CONVERSION = YES;
				CLANG_WARN_COMMA = YES;
				CLANG_WARN_CONSTANT_CONVERSION = YES;
				CLANG_WARN_DEPRECATED_OBJC_IMPLEMENTATIONS = YES;
				CLANG_WARN_DIRECT_OBJC_ISA_USAGE = YES_ERROR;
				CLANG_WARN_DOCUMENTATION_COMMENTS = YES;
				CLANG_WARN_EMPTY_BODY = YES;
				CLANG_WARN_ENUM_CONVERSION = YES;
				CLANG_WARN_INFINITE_RECURSION = YES;
				CLANG_WARN_INT_CONVERSION = YES;
				CLANG_WARN_NON_LITERAL_NULL_CONVERSION = YES;
				CLANG_WARN_OBJC_IMPLICIT_RETAIN_SELF = YES;
				CLANG_WARN_OBJC_LITERAL_CONVERSION = YES;
				CLANG_WARN_OBJC_ROOT_CLASS = YES_ERROR;
				CLANG_WARN_RANGE_LOOP_ANALYSIS = YES;
				CLANG_WARN_STRICT_PROTOTYPES = YES;
				CLANG_WARN_SUSPICIOUS_MOVE = YES;
				CLANG_WARN_UNGUARDED_AVAILABILITY = YES_AGGRESSIVE;
				CLANG_WARN_UNREACHABLE_CODE = YES;
				CLANG_WARN__DUPLICATE_METHOD_MATCH = YES;
				CODE_SIGN_IDENTITY = "iPhone Developer";
				COPY_PHASE_STRIP = NO;
				DEBUG_INFORMATION_FORMAT = dwarf;
				ENABLE_STRICT_OBJC_MSGSEND = YES;
				ENABLE_TESTABILITY = YES;
				GCC_C_LANGUAGE_STANDARD = gnu11;
				GCC_DYNAMIC_NO_PIC = NO;
				GCC_NO_COMMON_BLOCKS = YES;
				GCC_OPTIMIZATION_LEVEL = 0;
				GCC_PREPROCESSOR_DEFINITIONS = (
					"DEBUG=1",
					"$(inherited)",
				);
				GCC_WARN_64_TO_32_BIT_CONVERSION = YES;
				GCC_WARN_ABOUT_RETURN_TYPE = YES_ERROR;
				GCC_WARN_UNDECLARED_SELECTOR = YES;
				GCC_WARN_UNINITIALIZED_AUTOS = YES_AGGRESSIVE;
				GCC_WARN_UNUSED_FUNCTION = YES;
				GCC_WARN_UNUSED_VARIABLE = YES;
				IPHONEOS_DEPLOYMENT_TARGET = 12.1;
				MTL_ENABLE_DEBUG_INFO = INCLUDE_SOURCE;
				MTL_FAST_MATH = YES;
				ONLY_ACTIVE_ARCH = YES;
				SDKROOT = iphoneos;
				SWIFT_ACTIVE_COMPILATION_CONDITIONS = DEBUG;
				SWIFT_OPTIMIZATION_LEVEL = "-Onone";
			};
			name = Debug;
		};
		947ADE7921BE6E0F001B2CFC /* Release */ = {
			isa = XCBuildConfiguration;
			buildSettings = {
				ALWAYS_SEARCH_USER_PATHS = NO;
				CLANG_ANALYZER_NONNULL = YES;
				CLANG_ANALYZER_NUMBER_OBJECT_CONVERSION = YES_AGGRESSIVE;
				CLANG_CXX_LANGUAGE_STANDARD = "gnu++14";
				CLANG_CXX_LIBRARY = "libc++";
				CLANG_ENABLE_MODULES = YES;
				CLANG_ENABLE_OBJC_ARC = YES;
				CLANG_ENABLE_OBJC_WEAK = YES;
				CLANG_WARN_BLOCK_CAPTURE_AUTORELEASING = YES;
				CLANG_WARN_BOOL_CONVERSION = YES;
				CLANG_WARN_COMMA = YES;
				CLANG_WARN_CONSTANT_CONVERSION = YES;
				CLANG_WARN_DEPRECATED_OBJC_IMPLEMENTATIONS = YES;
				CLANG_WARN_DIRECT_OBJC_ISA_USAGE = YES_ERROR;
				CLANG_WARN_DOCUMENTATION_COMMENTS = YES;
				CLANG_WARN_EMPTY_BODY = YES;
				CLANG_WARN_ENUM_CONVERSION = YES;
				CLANG_WARN_INFINITE_RECURSION = YES;
				CLANG_WARN_INT_CONVERSION = YES;
				CLANG_WARN_NON_LITERAL_NULL_CONVERSION = YES;
				CLANG_WARN_OBJC_IMPLICIT_RETAIN_SELF = YES;
				CLANG_WARN_OBJC_LITERAL_CONVERSION = YES;
				CLANG_WARN_OBJC_ROOT_CLASS = YES_ERROR;
				CLANG_WARN_RANGE_LOOP_ANALYSIS = YES;
				CLANG_WARN_STRICT_PROTOTYPES = YES;
				CLANG_WARN_SUSPICIOUS_MOVE = YES;
				CLANG_WARN_UNGUARDED_AVAILABILITY = YES_AGGRESSIVE;
				CLANG_WARN_UNREACHABLE_CODE = YES;
				CLANG_WARN__DUPLICATE_METHOD_MATCH = YES;
				CODE_SIGN_IDENTITY = "iPhone Developer";
				COPY_PHASE_STRIP = NO;
				DEBUG_INFORMATION_FORMAT = "dwarf-with-dsym";
				ENABLE_NS_ASSERTIONS = NO;
				ENABLE_STRICT_OBJC_MSGSEND = YES;
				GCC_C_LANGUAGE_STANDARD = gnu11;
				GCC_NO_COMMON_BLOCKS = YES;
				GCC_WARN_64_TO_32_BIT_CONVERSION = YES;
				GCC_WARN_ABOUT_RETURN_TYPE = YES_ERROR;
				GCC_WARN_UNDECLARED_SELECTOR = YES;
				GCC_WARN_UNINITIALIZED_AUTOS = YES_AGGRESSIVE;
				GCC_WARN_UNUSED_FUNCTION = YES;
				GCC_WARN_UNUSED_VARIABLE = YES;
				IPHONEOS_DEPLOYMENT_TARGET = 12.1;
				MTL_ENABLE_DEBUG_INFO = NO;
				MTL_FAST_MATH = YES;
				SDKROOT = iphoneos;
				SWIFT_COMPILATION_MODE = wholemodule;
				SWIFT_OPTIMIZATION_LEVEL = "-O";
				VALIDATE_PRODUCT = YES;
			};
			name = Release;
		};
		947ADE7B21BE6E0F001B2CFC /* Debug */ = {
			isa = XCBuildConfiguration;
			buildSettings = {
				ASSETCATALOG_COMPILER_APPICON_NAME = AppIcon;
				CODE_SIGN_STYLE = Automatic;
				DEVELOPMENT_TEAM = FF962G5NDH;
				INFOPLIST_FILE = Extension/Info.plist;
				IPHONEOS_DEPLOYMENT_TARGET = 12.1;
				LD_RUNPATH_SEARCH_PATHS = (
					"$(inherited)",
					"@executable_path/Frameworks",
				);
				PRODUCT_BUNDLE_IDENTIFIER = com.Dongyuan.Extension;
				PRODUCT_NAME = "$(TARGET_NAME)";
				SWIFT_VERSION = 5.0;
				TARGETED_DEVICE_FAMILY = "1,2";
			};
			name = Debug;
		};
		947ADE7C21BE6E0F001B2CFC /* Release */ = {
			isa = XCBuildConfiguration;
			buildSettings = {
				ASSETCATALOG_COMPILER_APPICON_NAME = AppIcon;
				CODE_SIGN_STYLE = Automatic;
				DEVELOPMENT_TEAM = FF962G5NDH;
				INFOPLIST_FILE = Extension/Info.plist;
				IPHONEOS_DEPLOYMENT_TARGET = 12.1;
				LD_RUNPATH_SEARCH_PATHS = (
					"$(inherited)",
					"@executable_path/Frameworks",
				);
				PRODUCT_BUNDLE_IDENTIFIER = com.Dongyuan.Extension;
				PRODUCT_NAME = "$(TARGET_NAME)";
				SWIFT_VERSION = 5.0;
				TARGETED_DEVICE_FAMILY = "1,2";
			};
			name = Release;
		};
/* End XCBuildConfiguration section */

/* Begin XCConfigurationList section */
		947ADE6321BE6E0D001B2CFC /* Build configuration list for PBXProject "Extension" */ = {
			isa = XCConfigurationList;
			buildConfigurations = (
				947ADE7821BE6E0F001B2CFC /* Debug */,
				947ADE7921BE6E0F001B2CFC /* Release */,
			);
			defaultConfigurationIsVisible = 0;
			defaultConfigurationName = Release;
		};
		947ADE7A21BE6E0F001B2CFC /* Build configuration list for PBXNativeTarget "Extension" */ = {
			isa = XCConfigurationList;
			buildConfigurations = (
				947ADE7B21BE6E0F001B2CFC /* Debug */,
				947ADE7C21BE6E0F001B2CFC /* Release */,
			);
			defaultConfigurationIsVisible = 0;
			defaultConfigurationName = Release;
		};
/* End XCConfigurationList section */
	};
	rootObject = 947ADE6021BE6E0D001B2CFC /* Project object */;
}
